
Microsoft Visual Studio Solution File, Format Version 12.00
# Visual Studio Version 16
VisualStudioVersion = 16.0.29911.84
MinimumVisualStudioVersion = 10.0.40219.1
Project("{9A19103F-16F7-4668-BE54-9A1E7A4F7556}") = "ContactsApi", "BooksApi\ContactsApi.csproj", "{4E72A582-DB86-490F-BAA5-87F046EF485D}"
EndProject
Global
	GlobalSection(SolutionConfigurationPlatforms) = preSolution
		Debug|Any CPU = Debug|Any CPU
		Release|Any CPU = Release|Any CPU
	EndGlobalSection
	GlobalSection(ProjectConfigurationPlatforms) = postSolution
		{4E72A582-DB86-490F-BAA5-87F046EF485D}.Debug|Any CPU.ActiveCfg = Debug|Any CPU
		{4E72A582-DB86-490F-BAA5-87F046EF485D}.Debug|Any CPU.Build.0 = Debug|Any CPU
		{4E72A582-DB86-490F-BAA5-87F046EF485D}.Release|Any CPU.ActiveCfg = Release|Any CPU
		{4E72A582-DB86-490F-BAA5-87F046EF485D}.Release|Any CPU.Build.0 = Release|Any CPU
	EndGlobalSection
	GlobalSection(SolutionProperties) = preSolution
		HideSolutionNode = FALSE
	EndGlobalSection
	GlobalSection(ExtensibilityGlobals) = postSolution
		SolutionGuid = {2BC5833B-B33B-43FC-9C7E-FB19BE5FC703}
	EndGlobalSection
EndGlobal
